// !$*UTF8*$!
{
	archiveVersion = 1;
	classes = {
	};
	objectVersion = 46;
	objects = {

/* Begin PBXBuildFile section */
		08F723EE22C393CE00CA9C7C /* AgoraRtmKit.framework in Frameworks */ = {isa = PBXBuildFile; fileRef = 08F723ED22C393CE00CA9C7C /* AgoraRtmKit.framework */; };
		08F723EF22C393F700CA9C7C /* AgoraRTM.h in Sources */ = {isa = PBXBuildFile; fileRef = 084F8C8B229C2D3300481837 /* AgoraRTM.h */; };
		08F723F022C393F700CA9C7C /* AgoraRTM.m in Sources */ = {isa = PBXBuildFile; fileRef = 084F8C8C229C2D4100481837 /* AgoraRTM.m */; };
		08F723F122C393F700CA9C7C /* AgoraConst.h in Sources */ = {isa = PBXBuildFile; fileRef = 08F7231422C228C300CA9C7C /* AgoraConst.h */; };
		F5A64DF2257D2FEA007C6724 /* Extensions.m in Sources */ = {isa = PBXBuildFile; fileRef = F5A64DF1257D2FEA007C6724 /* Extensions.m */; };
/* End PBXBuildFile section */

/* Begin PBXCopyFilesBuildPhase section */
		08F723E222C3933900CA9C7C /* CopyFiles */ = {
			isa = PBXCopyFilesBuildPhase;
			buildActionMask = 2147483647;
			dstPath = "include/$(PRODUCT_NAME)";
			dstSubfolderSpec = 16;
			files = (
			);
			runOnlyForDeploymentPostprocessing = 0;
		};
/* End PBXCopyFilesBuildPhase section */

/* Begin PBXFileReference section */
		084F8C8B229C2D3300481837 /* AgoraRTM.h */ = {isa = PBXFileReference; lastKnownFileType = sourcecode.c.h; path = AgoraRTM.h; sourceTree = "<group>"; };
		084F8C8C229C2D4100481837 /* AgoraRTM.m */ = {isa = PBXFileReference; lastKnownFileType = sourcecode.c.objc; path = AgoraRTM.m; sourceTree = "<group>"; };
		08F7231422C228C300CA9C7C /* AgoraConst.h */ = {isa = PBXFileReference; lastKnownFileType = sourcecode.c.h; path = AgoraConst.h; sourceTree = "<group>"; };
		08F723E422C3933900CA9C7C /* libAgoraRTM.a */ = {isa = PBXFileReference; explicitFileType = archive.ar; includeInIndex = 0; path = libAgoraRTM.a; sourceTree = BUILT_PRODUCTS_DIR; };
		08F723ED22C393CE00CA9C7C /* AgoraRtmKit.framework */ = {isa = PBXFileReference; lastKnownFileType = wrapper.framework; name = AgoraRtmKit.framework; path = ../../../Project/AgoraRNQuickStart/ios/Pods/AgoraRtm_iOS/AgoraRtmKit.framework; sourceTree = "<group>"; };
		F5A64DF0257D2FEA007C6724 /* Extensions.h */ = {isa = PBXFileReference; lastKnownFileType = sourcecode.c.h; path = Extensions.h; sourceTree = "<group>"; };
		F5A64DF1257D2FEA007C6724 /* Extensions.m */ = {isa = PBXFileReference; lastKnownFileType = sourcecode.c.objc; path = Extensions.m; sourceTree = "<group>"; };
/* End PBXFileReference section */

/* Begin PBXFrameworksBuildPhase section */
		08F723E122C3933900CA9C7C /* Frameworks */ = {
			isa = PBXFrameworksBuildPhase;
			buildActionMask = 2147483647;
			files = (
				08F723EE22C393CE00CA9C7C /* AgoraRtmKit.framework in Frameworks */,
			);
			runOnlyForDeploymentPostprocessing = 0;
		};
/* End PBXFrameworksBuildPhase section */

/* Begin PBXGroup section */
		084F8C86229C2CDE00481837 /* src */ = {
			isa = PBXGroup;
			children = (
				084F8C8B229C2D3300481837 /* AgoraRTM.h */,
				084F8C8C229C2D4100481837 /* AgoraRTM.m */,
				08F7231422C228C300CA9C7C /* AgoraConst.h */,
				F5A64DF0257D2FEA007C6724 /* Extensions.h */,
				F5A64DF1257D2FEA007C6724 /* Extensions.m */,
			);
			path = src;
			sourceTree = "<group>";
		};
		6E799F31625F4C227FD4A6BF /* Products */ = {
			isa = PBXGroup;
			children = (
				08F723E422C3933900CA9C7C /* libAgoraRTM.a */,
			);
			name = Products;
			sourceTree = "<group>";
		};
		BCBE5B6CFD41E161D60AF5B7 = {
			isa = PBXGroup;
			children = (
				084F8C86229C2CDE00481837 /* src */,
				6E799F31625F4C227FD4A6BF /* Products */,
				F5336B878807E00A0A8B50D5 /* Frameworks */,
			);
			sourceTree = "<group>";
		};
		F5336B878807E00A0A8B50D5 /* Frameworks */ = {
			isa = PBXGroup;
			children = (
				08F723ED22C393CE00CA9C7C /* AgoraRtmKit.framework */,
			);
			name = Frameworks;
			sourceTree = "<group>";
		};
/* End PBXGroup section */

/* Begin PBXNativeTarget section */
		08F723E322C3933900CA9C7C /* AgoraRTM */ = {
			isa = PBXNativeTarget;
			buildConfigurationList = 08F723EA22C3933A00CA9C7C /* Build configuration list for PBXNativeTarget "AgoraRTM" */;
			buildPhases = (
				08F723E022C3933900CA9C7C /* Sources */,
				08F723E122C3933900CA9C7C /* Frameworks */,
				08F723E222C3933900CA9C7C /* CopyFiles */,
			);
			buildRules = (
			);
			dependencies = (
			);
			name = AgoraRTM;
			productName = AgoraRTMlib;
			productReference = 08F723E422C3933900CA9C7C /* libAgoraRTM.a */;
			productType = "com.apple.product-type.library.static";
		};
/* End PBXNativeTarget section */

/* Begin PBXProject section */
		B39EE812DD3705C139FB7715 /* Project object */ = {
			isa = PBXProject;
			attributes = {
				LastSwiftUpdateCheck = 1020;
				LastUpgradeCheck = 1020;
				TargetAttributes = {
					08F723E322C3933900CA9C7C = {
						CreatedOnToolsVersion = 10.2.1;
						ProvisioningStyle = Automatic;
					};
				};
			};
			buildConfigurationList = 8DCDDD596A849FAF6FCA0276 /* Build configuration list for PBXProject "AgoraRTM" */;
			compatibilityVersion = "Xcode 3.2";
			developmentRegion = en;
			hasScannedForEncodings = 0;
			knownRegions = (
				en,
			);
			mainGroup = BCBE5B6CFD41E161D60AF5B7;
			productRefGroup = 6E799F31625F4C227FD4A6BF /* Products */;
			projectDirPath = "";
			projectRoot = "";
			targets = (
				08F723E322C3933900CA9C7C /* AgoraRTM */,
			);
		};
/* End PBXProject section */

/* Begin PBXSourcesBuildPhase section */
		08F723E022C3933900CA9C7C /* Sources */ = {
			isa = PBXSourcesBuildPhase;
			buildActionMask = 2147483647;
			files = (
				08F723EF22C393F700CA9C7C /* AgoraRTM.h in Sources */,
				08F723F022C393F700CA9C7C /* AgoraRTM.m in Sources */,
				08F723F122C393F700CA9C7C /* AgoraConst.h in Sources */,
				F5A64DF2257D2FEA007C6724 /* Extensions.m in Sources */,
			);
			runOnlyForDeploymentPostprocessing = 0;
		};
/* End PBXSourcesBuildPhase section */

/* Begin XCBuildConfiguration section */
		08F723EB22C3933A00CA9C7C /* Debug */ = {
			isa = XCBuildConfiguration;
			buildSettings = {
				CODE_SIGN_IDENTITY = "iPhone Developer";
				CODE_SIGN_STYLE = Automatic;
				FRAMEWORK_SEARCH_PATHS = (
					"$(inherited)",
					/Users/ly/Project/AgoraRNQuickStart/ios/Pods/AgoraRtm_iOS,
				);
				HEADER_SEARCH_PATHS = (
					"$(inherited)",
					/Users/ly/Project/AgoraRNQuickStart/ios/Pods/AgoraRtm_iOS,
				);
				IPHONEOS_DEPLOYMENT_TARGET = 12.2;
				LIBRARY_SEARCH_PATHS = (
					"$(inherited)",
					"$(SRCROOT)/../../../ios/Pods/AgoraRtm_iOS",
				);
				OTHER_LDFLAGS = "-ObjC";
				PRODUCT_NAME = "$(TARGET_NAME)";
				SDKROOT = iphoneos;
				SKIP_INSTALL = YES;
				TARGETED_DEVICE_FAMILY = "1,2";
			};
			name = Debug;
		};
		08F723EC22C3933A00CA9C7C /* Release */ = {
			isa = XCBuildConfiguration;
			buildSettings = {
				CODE_SIGN_IDENTITY = "iPhone Developer";
				CODE_SIGN_STYLE = Automatic;
				FRAMEWORK_SEARCH_PATHS = (
					"$(inherited)",
					/Users/ly/Project/AgoraRNQuickStart/ios/Pods/AgoraRtm_iOS,
				);
				HEADER_SEARCH_PATHS = (
					"$(inherited)",
					/Users/ly/Project/AgoraRNQuickStart/ios/Pods/AgoraRtm_iOS,
				);
				IPHONEOS_DEPLOYMENT_TARGET = 12.2;
				LIBRARY_SEARCH_PATHS = (
					"$(inherited)",
					"$(SRCROOT)/../../../ios/Pods/AgoraRtm_iOS",
				);
				OTHER_LDFLAGS = "-ObjC";
				PRODUCT_NAME = "$(TARGET_NAME)";
				SDKROOT = iphoneos;
				SKIP_INSTALL = YES;
				TARGETED_DEVICE_FAMILY = "1,2";
				VALIDATE_PRODUCT = YES;
			};
			name = Release;
		};
		958FD709867C6089CDFE0BAE /* Debug */ = {
			isa = XCBuildConfiguration;
			buildSettings = {
				ALWAYS_SEARCH_USER_PATHS = NO;
				CLANG_ANALYZER_NONNULL = YES;
				CLANG_ANALYZER_NUMBER_OBJECT_CONVERSION = YES_AGGRESSIVE;
				CLANG_CXX_LANGUAGE_STANDARD = "gnu++14";
				CLANG_CXX_LIBRARY = "libc++";
				CLANG_ENABLE_MODULES = YES;
				CLANG_ENABLE_OBJC_ARC = YES;
				CLANG_ENABLE_OBJC_WEAK = YES;
				CLANG_WARN_BLOCK_CAPTURE_AUTORELEASING = YES;
				CLANG_WARN_BOOL_CONVERSION = YES;
				CLANG_WARN_COMMA = YES;
				CLANG_WARN_CONSTANT_CONVERSION = YES;
				CLANG_WARN_DEPRECATED_OBJC_IMPLEMENTATIONS = YES;
				CLANG_WARN_DIRECT_OBJC_ISA_USAGE = YES_ERROR;
				CLANG_WARN_DOCUMENTATION_COMMENTS = YES;
				CLANG_WARN_EMPTY_BODY = YES;
				CLANG_WARN_ENUM_CONVERSION = YES;
				CLANG_WARN_INFINITE_RECURSION = YES;
				CLANG_WARN_INT_CONVERSION = YES;
				CLANG_WARN_NON_LITERAL_NULL_CONVERSION = YES;
				CLANG_WARN_OBJC_IMPLICIT_RETAIN_SELF = YES;
				CLANG_WARN_OBJC_LITERAL_CONVERSION = YES;
				CLANG_WARN_OBJC_ROOT_CLASS = YES_ERROR;
				CLANG_WARN_RANGE_LOOP_ANALYSIS = YES;
				CLANG_WARN_STRICT_PROTOTYPES = YES;
				CLANG_WARN_SUSPICIOUS_MOVE = YES;
				CLANG_WARN_UNGUARDED_AVAILABILITY = YES_AGGRESSIVE;
				CLANG_WARN_UNREACHABLE_CODE = YES;
				CLANG_WARN__DUPLICATE_METHOD_MATCH = YES;
				COPY_PHASE_STRIP = NO;
				DEBUG_INFORMATION_FORMAT = dwarf;
				ENABLE_STRICT_OBJC_MSGSEND = YES;
				ENABLE_TESTABILITY = YES;
				GCC_C_LANGUAGE_STANDARD = gnu11;
				GCC_DYNAMIC_NO_PIC = NO;
				GCC_NO_COMMON_BLOCKS = YES;
				GCC_OPTIMIZATION_LEVEL = 0;
				GCC_PREPROCESSOR_DEFINITIONS = (
					"DEBUG=1",
					"$(inherited)",
				);
				GCC_WARN_64_TO_32_BIT_CONVERSION = YES;
				GCC_WARN_ABOUT_RETURN_TYPE = YES_ERROR;
				GCC_WARN_UNDECLARED_SELECTOR = YES;
				GCC_WARN_UNINITIALIZED_AUTOS = YES_AGGRESSIVE;
				GCC_WARN_UNUSED_FUNCTION = YES;
				GCC_WARN_UNUSED_VARIABLE = YES;
				MTL_ENABLE_DEBUG_INFO = INCLUDE_SOURCE;
				MTL_FAST_MATH = YES;
				ONLY_ACTIVE_ARCH = YES;
				PRODUCT_NAME = "$(TARGET_NAME)";
				SWIFT_ACTIVE_COMPILATION_CONDITIONS = DEBUG;
				SWIFT_OPTIMIZATION_LEVEL = "-Onone";
				SWIFT_VERSION = 5.0;
			};
			name = Debug;
		};
		FA1D1D6DCBEED960A0CC8CF4 /* Release */ = {
			isa = XCBuildConfiguration;
			buildSettings = {
				ALWAYS_SEARCH_USER_PATHS = NO;
				CLANG_ANALYZER_NONNULL = YES;
				CLANG_ANALYZER_NUMBER_OBJECT_CONVERSION = YES_AGGRESSIVE;
				CLANG_CXX_LANGUAGE_STANDARD = "gnu++14";
				CLANG_CXX_LIBRARY = "libc++";
				CLANG_ENABLE_MODULES = YES;
				CLANG_ENABLE_OBJC_ARC = YES;
				CLANG_ENABLE_OBJC_WEAK = YES;
				CLANG_WARN_BLOCK_CAPTURE_AUTORELEASING = YES;
				CLANG_WARN_BOOL_CONVERSION = YES;
				CLANG_WARN_COMMA = YES;
				CLANG_WARN_CONSTANT_CONVERSION = YES;
				CLANG_WARN_DEPRECATED_OBJC_IMPLEMENTATIONS = YES;
				CLANG_WARN_DIRECT_OBJC_ISA_USAGE = YES_ERROR;
				CLANG_WARN_DOCUMENTATION_COMMENTS = YES;
				CLANG_WARN_EMPTY_BODY = YES;
				CLANG_WARN_ENUM_CONVERSION = YES;
				CLANG_WARN_INFINITE_RECURSION = YES;
				CLANG_WARN_INT_CONVERSION = YES;
				CLANG_WARN_NON_LITERAL_NULL_CONVERSION = YES;
				CLANG_WARN_OBJC_IMPLICIT_RETAIN_SELF = YES;
				CLANG_WARN_OBJC_LITERAL_CONVERSION = YES;
				CLANG_WARN_OBJC_ROOT_CLASS = YES_ERROR;
				CLANG_WARN_RANGE_LOOP_ANALYSIS = YES;
				CLANG_WARN_STRICT_PROTOTYPES = YES;
				CLANG_WARN_SUSPICIOUS_MOVE = YES;
				CLANG_WARN_UNGUARDED_AVAILABILITY = YES_AGGRESSIVE;
				CLANG_WARN_UNREACHABLE_CODE = YES;
				CLANG_WARN__DUPLICATE_METHOD_MATCH = YES;
				COPY_PHASE_STRIP = NO;
				DEBUG_INFORMATION_FORMAT = "dwarf-with-dsym";
				ENABLE_NS_ASSERTIONS = NO;
				ENABLE_STRICT_OBJC_MSGSEND = YES;
				GCC_C_LANGUAGE_STANDARD = gnu11;
				GCC_NO_COMMON_BLOCKS = YES;
				GCC_WARN_64_TO_32_BIT_CONVERSION = YES;
				GCC_WARN_ABOUT_RETURN_TYPE = YES_ERROR;
				GCC_WARN_UNDECLARED_SELECTOR = YES;
				GCC_WARN_UNINITIALIZED_AUTOS = YES_AGGRESSIVE;
				GCC_WARN_UNUSED_FUNCTION = YES;
				GCC_WARN_UNUSED_VARIABLE = YES;
				MTL_ENABLE_DEBUG_INFO = NO;
				MTL_FAST_MATH = YES;
				PRODUCT_NAME = "$(TARGET_NAME)";
				SWIFT_OPTIMIZATION_LEVEL = "-Owholemodule";
				SWIFT_VERSION = 5.0;
			};
			name = Release;
		};
/* End XCBuildConfiguration section */

/* Begin XCConfigurationList section */
		08F723EA22C3933A00CA9C7C /* Build configuration list for PBXNativeTarget "AgoraRTM" */ = {
			isa = XCConfigurationList;
			buildConfigurations = (
				08F723EB22C3933A00CA9C7C /* Debug */,
				08F723EC22C3933A00CA9C7C /* Release */,
			);
			defaultConfigurationIsVisible = 0;
			defaultConfigurationName = Release;
		};
		8DCDDD596A849FAF6FCA0276 /* Build configuration list for PBXProject "AgoraRTM" */ = {
			isa = XCConfigurationList;
			buildConfigurations = (
				958FD709867C6089CDFE0BAE /* Debug */,
				FA1D1D6DCBEED960A0CC8CF4 /* Release */,
			);
			defaultConfigurationIsVisible = 0;
			defaultConfigurationName = Release;
		};
/* End XCConfigurationList section */
	};
	rootObject = B39EE812DD3705C139FB7715 /* Project object */;
}
